
Microsoft Visual Studio Solution File, Format Version 12.00
# Visual Studio Version 17
VisualStudioVersion = 17.13.35931.197 d17.13
MinimumVisualStudioVersion = 10.0.40219.1
Project("{FAE04EC0-301F-11D3-BF4B-00C04F79EFBC}") = "NvtLession2MVC", "NvtLession2MVC.csproj", "{0ABC758C-BDD5-4E80-A865-E0FF565695D9}"
EndProject
Global
	GlobalSection(SolutionConfigurationPlatforms) = preSolution
		Debug|Any CPU = Debug|Any CPU
		Release|Any CPU = Release|Any CPU
	EndGlobalSection
	GlobalSection(ProjectConfigurationPlatforms) = postSolution
		{0ABC758C-BDD5-4E80-A865-E0FF565695D9}.Debug|Any CPU.ActiveCfg = Debug|Any CPU
		{0ABC758C-BDD5-4E80-A865-E0FF565695D9}.Debug|Any CPU.Build.0 = Debug|Any CPU
		{0ABC758C-BDD5-4E80-A865-E0FF565695D9}.Release|Any CPU.ActiveCfg = Release|Any CPU
		{0ABC758C-BDD5-4E80-A865-E0FF565695D9}.Release|Any CPU.Build.0 = Release|Any CPU
	EndGlobalSection
	GlobalSection(SolutionProperties) = preSolution
		HideSolutionNode = FALSE
	EndGlobalSection
	GlobalSection(ExtensibilityGlobals) = postSolution
		SolutionGuid = {1510FF9D-8B01-460C-9C80-BAA27F2B5AD9}
	EndGlobalSection
EndGlobal
